PODS:
  - CocoaLumberjack (2.3.0):
    - CocoaLumberjack/Default (= 2.3.0)
    - CocoaLumberjack/Extensions (= 2.3.0)
  - CocoaLumberjack/Core (2.3.0)
  - CocoaLumberjack/Default (2.3.0):
    - CocoaLumberjack/Core
  - CocoaLumberjack/Extensions (2.3.0):
    - CocoaLumberjack/Default
  - JSONModel (1.2.0)
  - libextobjc (0.4.1):
    - libextobjc/EXTADT (= 0.4.1)
    - libextobjc/EXTConcreteProtocol (= 0.4.1)
    - libextobjc/EXTKeyPathCoding (= 0.4.1)
    - libextobjc/EXTNil (= 0.4.1)
    - libextobjc/EXTSafeCategory (= 0.4.1)
    - libextobjc/EXTScope (= 0.4.1)
    - libextobjc/EXTSelectorChecking (= 0.4.1)
    - libextobjc/EXTSynthesize (= 0.4.1)
    - libextobjc/NSInvocation+EXT (= 0.4.1)
    - libextobjc/NSMethodSignature+EXT (= 0.4.1)
    - libextobjc/RuntimeExtensions (= 0.4.1)
    - libextobjc/UmbrellaHeader (= 0.4.1)
  - libextobjc/EXTADT (0.4.1):
    - libextobjc/RuntimeExtensions
  - libextobjc/EXTConcreteProtocol (0.4.1):
    - libextobjc/RuntimeExtensions
  - libextobjc/EXTKeyPathCoding (0.4.1):
    - libextobjc/RuntimeExtensions
  - libextobjc/EXTNil (0.4.1):
    - libextobjc/RuntimeExtensions
  - libextobjc/EXTSafeCategory (0.4.1):
    - libextobjc/RuntimeExtensions
  - libextobjc/EXTScope (0.4.1):
    - libextobjc/RuntimeExtensions
  - libextobjc/EXTSelectorChecking (0.4.1):
    - libextobjc/RuntimeExtensions
  - libextobjc/EXTSynthesize (0.4.1):
    - libextobjc/RuntimeExtensions
  - libextobjc/NSInvocation+EXT (0.4.1):
    - libextobjc/RuntimeExtensions
  - libextobjc/NSMethodSignature+EXT (0.4.1):
    - libextobjc/RuntimeExtensions
  - libextobjc/RuntimeExtensions (0.4.1)
  - libextobjc/UmbrellaHeader (0.4.1)
  - NBULog (1.2.4):
    - CocoaLumberjack (>= 2.0.0)
  - OCUtilCollection (0.0.1):
    - CocoaLumberjack
    - libextobjc (~> 0.4.1)
    - NBULog (~> 1.2.4)

DEPENDENCIES:
  - JSONModel (~> 1.2.0)
  - OCUtilCollection (from `https://github.com/EdgarHz/OCUTLCollection.git`, tag `0.0.1`)

EXTERNAL SOURCES:
  OCUtilCollection:
    :git: https://github.com/EdgarHz/OCUTLCollection.git
    :tag: 0.0.1

CHECKOUT OPTIONS:
  OCUtilCollection:
    :git: https://github.com/EdgarHz/OCUTLCollection.git
    :tag: 0.0.1

SPEC CHECKSUMS:
  CocoaLumberjack: 97fab7ee5f507fe54445cca7ea80f926729cfd15
  JSONModel: 12523685c4b623553ccf844bbbf7007624317b2c
  libextobjc: a650fc1bf489a3d3a9bc2e621efa3e1006fc5471
  NBULog: 4003be6706b97a7e376ab4171c666ac7c2fbc2b2
  OCUtilCollection: d00686c204f1cb65316d64a7693cfd9404e3654b

COCOAPODS: 0.39.0
